// !$*UTF8*$!
{
	archiveVersion = 1;
	classes = {
	};
	objectVersion = 50;
	objects = {

/* Begin PBXBuildFile section */
		5269A6E321D45E23000F8E75 /* AppDelegate.m in Sources */ = {isa = PBXBuildFile; fileRef = 5269A6E221D45E23000F8E75 /* AppDelegate.m */; };
		5269A6E621D45E23000F8E75 /* ViewController.m in Sources */ = {isa = PBXBuildFile; fileRef = 5269A6E521D45E23000F8E75 /* ViewController.m */; };
		5269A6E921D45E23000F8E75 /* Main.storyboard in Resources */ = {isa = PBXBuildFile; fileRef = 5269A6E721D45E23000F8E75 /* Main.storyboard */; };
		5269A6EB21D45E24000F8E75 /* Assets.xcassets in Resources */ = {isa = PBXBuildFile; fileRef = 5269A6EA21D45E24000F8E75 /* Assets.xcassets */; };
		5269A6EE21D45E24000F8E75 /* LaunchScreen.storyboard in Resources */ = {isa = PBXBuildFile; fileRef = 5269A6EC21D45E24000F8E75 /* LaunchScreen.storyboard */; };
		5269A6F121D45E24000F8E75 /* main.m in Sources */ = {isa = PBXBuildFile; fileRef = 5269A6F021D45E24000F8E75 /* main.m */; };
		5269A6FB21D45E24000F8E75 /* BGGoodsDetailServiceProtocolTests.m in Sources */ = {isa = PBXBuildFile; fileRef = 5269A6FA21D45E24000F8E75 /* BGGoodsDetailServiceProtocolTests.m */; };
		5269A70621D45E25000F8E75 /* BGGoodsDetailServiceProtocolUITests.m in Sources */ = {isa = PBXBuildFile; fileRef = 5269A70521D45E25000F8E75 /* BGGoodsDetailServiceProtocolUITests.m */; };
/* End PBXBuildFile section */

/* Begin PBXContainerItemProxy section */
		5269A6F721D45E24000F8E75 /* PBXContainerItemProxy */ = {
			isa = PBXContainerItemProxy;
			containerPortal = 5269A6D621D45E23000F8E75 /* Project object */;
			proxyType = 1;
			remoteGlobalIDString = 5269A6DD21D45E23000F8E75;
			remoteInfo = BGGoodsDetailServiceProtocol;
		};
		5269A70221D45E25000F8E75 /* PBXContainerItemProxy */ = {
			isa = PBXContainerItemProxy;
			containerPortal = 5269A6D621D45E23000F8E75 /* Project object */;
			proxyType = 1;
			remoteGlobalIDString = 5269A6DD21D45E23000F8E75;
			remoteInfo = BGGoodsDetailServiceProtocol;
		};
/* End PBXContainerItemProxy section */

/* Begin PBXFileReference section */
		5269A6DE21D45E23000F8E75 /* BGGoodsDetailServiceProtocol.app */ = {isa = PBXFileReference; explicitFileType = wrapper.application; includeInIndex = 0; path = BGGoodsDetailServiceProtocol.app; sourceTree = BUILT_PRODUCTS_DIR; };
		5269A6E121D45E23000F8E75 /* AppDelegate.h */ = {isa = PBXFileReference; lastKnownFileType = sourcecode.c.h; path = AppDelegate.h; sourceTree = "<group>"; };
		5269A6E221D45E23000F8E75 /* AppDelegate.m */ = {isa = PBXFileReference; lastKnownFileType = sourcecode.c.objc; path = AppDelegate.m; sourceTree = "<group>"; };
		5269A6E421D45E23000F8E75 /* ViewController.h */ = {isa = PBXFileReference; lastKnownFileType = sourcecode.c.h; path = ViewController.h; sourceTree = "<group>"; };
		5269A6E521D45E23000F8E75 /* ViewController.m */ = {isa = PBXFileReference; lastKnownFileType = sourcecode.c.objc; path = ViewController.m; sourceTree = "<group>"; };
		5269A6E821D45E23000F8E75 /* Base */ = {isa = PBXFileReference; lastKnownFileType = file.storyboard; name = Base; path = Base.lproj/Main.storyboard; sourceTree = "<group>"; };
		5269A6EA21D45E24000F8E75 /* Assets.xcassets */ = {isa = PBXFileReference; lastKnownFileType = folder.assetcatalog; path = Assets.xcassets; sourceTree = "<group>"; };
		5269A6ED21D45E24000F8E75 /* Base */ = {isa = PBXFileReference; lastKnownFileType = file.storyboard; name = Base; path = Base.lproj/LaunchScreen.storyboard; sourceTree = "<group>"; };
		5269A6EF21D45E24000F8E75 /* Info.plist */ = {isa = PBXFileReference; lastKnownFileType = text.plist.xml; path = Info.plist; sourceTree = "<group>"; };
		5269A6F021D45E24000F8E75 /* main.m */ = {isa = PBXFileReference; lastKnownFileType = sourcecode.c.objc; path = main.m; sourceTree = "<group>"; };
		5269A6F621D45E24000F8E75 /* BGGoodsDetailServiceProtocolTests.xctest */ = {isa = PBXFileReference; explicitFileType = wrapper.cfbundle; includeInIndex = 0; path = BGGoodsDetailServiceProtocolTests.xctest; sourceTree = BUILT_PRODUCTS_DIR; };
		5269A6FA21D45E24000F8E75 /* BGGoodsDetailServiceProtocolTests.m */ = {isa = PBXFileReference; lastKnownFileType = sourcecode.c.objc; path = BGGoodsDetailServiceProtocolTests.m; sourceTree = "<group>"; };
		5269A6FC21D45E24000F8E75 /* Info.plist */ = {isa = PBXFileReference; lastKnownFileType = text.plist.xml; path = Info.plist; sourceTree = "<group>"; };
		5269A70121D45E25000F8E75 /* BGGoodsDetailServiceProtocolUITests.xctest */ = {isa = PBXFileReference; explicitFileType = wrapper.cfbundle; includeInIndex = 0; path = BGGoodsDetailServiceProtocolUITests.xctest; sourceTree = BUILT_PRODUCTS_DIR; };
		5269A70521D45E25000F8E75 /* BGGoodsDetailServiceProtocolUITests.m */ = {isa = PBXFileReference; lastKnownFileType = sourcecode.c.objc; path = BGGoodsDetailServiceProtocolUITests.m; sourceTree = "<group>"; };
		5269A70721D45E25000F8E75 /* Info.plist */ = {isa = PBXFileReference; lastKnownFileType = text.plist.xml; path = Info.plist; sourceTree = "<group>"; };
		5269A71421D45E59000F8E75 /* BGGoodsDetailServiceProtocol.h */ = {isa = PBXFileReference; lastKnownFileType = sourcecode.c.h; path = BGGoodsDetailServiceProtocol.h; sourceTree = "<group>"; };
/* End PBXFileReference section */

/* Begin PBXFrameworksBuildPhase section */
		5269A6DB21D45E23000F8E75 /* Frameworks */ = {
			isa = PBXFrameworksBuildPhase;
			buildActionMask = 2147483647;
			files = (
			);
			runOnlyForDeploymentPostprocessing = 0;
		};
		5269A6F321D45E24000F8E75 /* Frameworks */ = {
			isa = PBXFrameworksBuildPhase;
			buildActionMask = 2147483647;
			files = (
			);
			runOnlyForDeploymentPostprocessing = 0;
		};
		5269A6FE21D45E25000F8E75 /* Frameworks */ = {
			isa = PBXFrameworksBuildPhase;
			buildActionMask = 2147483647;
			files = (
			);
			runOnlyForDeploymentPostprocessing = 0;
		};
/* End PBXFrameworksBuildPhase section */

/* Begin PBXGroup section */
		5269A6D521D45E23000F8E75 = {
			isa = PBXGroup;
			children = (
				5269A6E021D45E23000F8E75 /* BGGoodsDetailServiceProtocol */,
				5269A6F921D45E24000F8E75 /* BGGoodsDetailServiceProtocolTests */,
				5269A70421D45E25000F8E75 /* BGGoodsDetailServiceProtocolUITests */,
				5269A6DF21D45E23000F8E75 /* Products */,
			);
			sourceTree = "<group>";
		};
		5269A6DF21D45E23000F8E75 /* Products */ = {
			isa = PBXGroup;
			children = (
				5269A6DE21D45E23000F8E75 /* BGGoodsDetailServiceProtocol.app */,
				5269A6F621D45E24000F8E75 /* BGGoodsDetailServiceProtocolTests.xctest */,
				5269A70121D45E25000F8E75 /* BGGoodsDetailServiceProtocolUITests.xctest */,
			);
			name = Products;
			sourceTree = "<group>";
		};
		5269A6E021D45E23000F8E75 /* BGGoodsDetailServiceProtocol */ = {
			isa = PBXGroup;
			children = (
				5269A71321D45E31000F8E75 /* BGGoodsDetailServiceProtocol */,
				5269A6E121D45E23000F8E75 /* AppDelegate.h */,
				5269A6E221D45E23000F8E75 /* AppDelegate.m */,
				5269A6E421D45E23000F8E75 /* ViewController.h */,
				5269A6E521D45E23000F8E75 /* ViewController.m */,
				5269A6E721D45E23000F8E75 /* Main.storyboard */,
				5269A6EA21D45E24000F8E75 /* Assets.xcassets */,
				5269A6EC21D45E24000F8E75 /* LaunchScreen.storyboard */,
				5269A6EF21D45E24000F8E75 /* Info.plist */,
				5269A6F021D45E24000F8E75 /* main.m */,
			);
			path = BGGoodsDetailServiceProtocol;
			sourceTree = "<group>";
		};
		5269A6F921D45E24000F8E75 /* BGGoodsDetailServiceProtocolTests */ = {
			isa = PBXGroup;
			children = (
				5269A6FA21D45E24000F8E75 /* BGGoodsDetailServiceProtocolTests.m */,
				5269A6FC21D45E24000F8E75 /* Info.plist */,
			);
			path = BGGoodsDetailServiceProtocolTests;
			sourceTree = "<group>";
		};
		5269A70421D45E25000F8E75 /* BGGoodsDetailServiceProtocolUITests */ = {
			isa = PBXGroup;
			children = (
				5269A70521D45E25000F8E75 /* BGGoodsDetailServiceProtocolUITests.m */,
				5269A70721D45E25000F8E75 /* Info.plist */,
			);
			path = BGGoodsDetailServiceProtocolUITests;
			sourceTree = "<group>";
		};
		5269A71321D45E31000F8E75 /* BGGoodsDetailServiceProtocol */ = {
			isa = PBXGroup;
			children = (
				5269A71421D45E59000F8E75 /* BGGoodsDetailServiceProtocol.h */,
			);
			path = BGGoodsDetailServiceProtocol;
			sourceTree = "<group>";
		};
/* End PBXGroup section */

/* Begin PBXNativeTarget section */
		5269A6DD21D45E23000F8E75 /* BGGoodsDetailServiceProtocol */ = {
			isa = PBXNativeTarget;
			buildConfigurationList = 5269A70A21D45E25000F8E75 /* Build configuration list for PBXNativeTarget "BGGoodsDetailServiceProtocol" */;
			buildPhases = (
				5269A6DA21D45E23000F8E75 /* Sources */,
				5269A6DB21D45E23000F8E75 /* Frameworks */,
				5269A6DC21D45E23000F8E75 /* Resources */,
			);
			buildRules = (
			);
			dependencies = (
			);
			name = BGGoodsDetailServiceProtocol;
			productName = BGGoodsDetailServiceProtocol;
			productReference = 5269A6DE21D45E23000F8E75 /* BGGoodsDetailServiceProtocol.app */;
			productType = "com.apple.product-type.application";
		};
		5269A6F521D45E24000F8E75 /* BGGoodsDetailServiceProtocolTests */ = {
			isa = PBXNativeTarget;
			buildConfigurationList = 5269A70D21D45E25000F8E75 /* Build configuration list for PBXNativeTarget "BGGoodsDetailServiceProtocolTests" */;
			buildPhases = (
				5269A6F221D45E24000F8E75 /* Sources */,
				5269A6F321D45E24000F8E75 /* Frameworks */,
				5269A6F421D45E24000F8E75 /* Resources */,
			);
			buildRules = (
			);
			dependencies = (
				5269A6F821D45E24000F8E75 /* PBXTargetDependency */,
			);
			name = BGGoodsDetailServiceProtocolTests;
			productName = BGGoodsDetailServiceProtocolTests;
			productReference = 5269A6F621D45E24000F8E75 /* BGGoodsDetailServiceProtocolTests.xctest */;
			productType = "com.apple.product-type.bundle.unit-test";
		};
		5269A70021D45E25000F8E75 /* BGGoodsDetailServiceProtocolUITests */ = {
			isa = PBXNativeTarget;
			buildConfigurationList = 5269A71021D45E25000F8E75 /* Build configuration list for PBXNativeTarget "BGGoodsDetailServiceProtocolUITests" */;
			buildPhases = (
				5269A6FD21D45E25000F8E75 /* Sources */,
				5269A6FE21D45E25000F8E75 /* Frameworks */,
				5269A6FF21D45E25000F8E75 /* Resources */,
			);
			buildRules = (
			);
			dependencies = (
				5269A70321D45E25000F8E75 /* PBXTargetDependency */,
			);
			name = BGGoodsDetailServiceProtocolUITests;
			productName = BGGoodsDetailServiceProtocolUITests;
			productReference = 5269A70121D45E25000F8E75 /* BGGoodsDetailServiceProtocolUITests.xctest */;
			productType = "com.apple.product-type.bundle.ui-testing";
		};
/* End PBXNativeTarget section */

/* Begin PBXProject section */
		5269A6D621D45E23000F8E75 /* Project object */ = {
			isa = PBXProject;
			attributes = {
				LastUpgradeCheck = 0940;
				ORGANIZATIONNAME = rsbk;
				TargetAttributes = {
					5269A6DD21D45E23000F8E75 = {
						CreatedOnToolsVersion = 9.4;
					};
					5269A6F521D45E24000F8E75 = {
						CreatedOnToolsVersion = 9.4;
						TestTargetID = 5269A6DD21D45E23000F8E75;
					};
					5269A70021D45E25000F8E75 = {
						CreatedOnToolsVersion = 9.4;
						TestTargetID = 5269A6DD21D45E23000F8E75;
					};
				};
			};
			buildConfigurationList = 5269A6D921D45E23000F8E75 /* Build configuration list for PBXProject "BGGoodsDetailServiceProtocol" */;
			compatibilityVersion = "Xcode 9.3";
			developmentRegion = en;
			hasScannedForEncodings = 0;
			knownRegions = (
				en,
				Base,
			);
			mainGroup = 5269A6D521D45E23000F8E75;
			productRefGroup = 5269A6DF21D45E23000F8E75 /* Products */;
			projectDirPath = "";
			projectRoot = "";
			targets = (
				5269A6DD21D45E23000F8E75 /* BGGoodsDetailServiceProtocol */,
				5269A6F521D45E24000F8E75 /* BGGoodsDetailServiceProtocolTests */,
				5269A70021D45E25000F8E75 /* BGGoodsDetailServiceProtocolUITests */,
			);
		};
/* End PBXProject section */

/* Begin PBXResourcesBuildPhase section */
		5269A6DC21D45E23000F8E75 /* Resources */ = {
			isa = PBXResourcesBuildPhase;
			buildActionMask = 2147483647;
			files = (
				5269A6EE21D45E24000F8E75 /* LaunchScreen.storyboard in Resources */,
				5269A6EB21D45E24000F8E75 /* Assets.xcassets in Resources */,
				5269A6E921D45E23000F8E75 /* Main.storyboard in Resources */,
			);
			runOnlyForDeploymentPostprocessing = 0;
		};
		5269A6F421D45E24000F8E75 /* Resources */ = {
			isa = PBXResourcesBuildPhase;
			buildActionMask = 2147483647;
			files = (
			);
			runOnlyForDeploymentPostprocessing = 0;
		};
		5269A6FF21D45E25000F8E75 /* Resources */ = {
			isa = PBXResourcesBuildPhase;
			buildActionMask = 2147483647;
			files = (
			);
			runOnlyForDeploymentPostprocessing = 0;
		};
/* End PBXResourcesBuildPhase section */

/* Begin PBXSourcesBuildPhase section */
		5269A6DA21D45E23000F8E75 /* Sources */ = {
			isa = PBXSourcesBuildPhase;
			buildActionMask = 2147483647;
			files = (
				5269A6E621D45E23000F8E75 /* ViewController.m in Sources */,
				5269A6F121D45E24000F8E75 /* main.m in Sources */,
				5269A6E321D45E23000F8E75 /* AppDelegate.m in Sources */,
			);
			runOnlyForDeploymentPostprocessing = 0;
		};
		5269A6F221D45E24000F8E75 /* Sources */ = {
			isa = PBXSourcesBuildPhase;
			buildActionMask = 2147483647;
			files = (
				5269A6FB21D45E24000F8E75 /* BGGoodsDetailServiceProtocolTests.m in Sources */,
			);
			runOnlyForDeploymentPostprocessing = 0;
		};
		5269A6FD21D45E25000F8E75 /* Sources */ = {
			isa = PBXSourcesBuildPhase;
			buildActionMask = 2147483647;
			files = (
				5269A70621D45E25000F8E75 /* BGGoodsDetailServiceProtocolUITests.m in Sources */,
			);
			runOnlyForDeploymentPostprocessing = 0;
		};
/* End PBXSourcesBuildPhase section */

/* Begin PBXTargetDependency section */
		5269A6F821D45E24000F8E75 /* PBXTargetDependency */ = {
			isa = PBXTargetDependency;
			target = 5269A6DD21D45E23000F8E75 /* BGGoodsDetailServiceProtocol */;
			targetProxy = 5269A6F721D45E24000F8E75 /* PBXContainerItemProxy */;
		};
		5269A70321D45E25000F8E75 /* PBXTargetDependency */ = {
			isa = PBXTargetDependency;
			target = 5269A6DD21D45E23000F8E75 /* BGGoodsDetailServiceProtocol */;
			targetProxy = 5269A70221D45E25000F8E75 /* PBXContainerItemProxy */;
		};
/* End PBXTargetDependency section */

/* Begin PBXVariantGroup section */
		5269A6E721D45E23000F8E75 /* Main.storyboard */ = {
			isa = PBXVariantGroup;
			children = (
				5269A6E821D45E23000F8E75 /* Base */,
			);
			name = Main.storyboard;
			sourceTree = "<group>";
		};
		5269A6EC21D45E24000F8E75 /* LaunchScreen.storyboard */ = {
			isa = PBXVariantGroup;
			children = (
				5269A6ED21D45E24000F8E75 /* Base */,
			);
			name = LaunchScreen.storyboard;
			sourceTree = "<group>";
		};
/* End PBXVariantGroup section */

/* Begin XCBuildConfiguration section */
		5269A70821D45E25000F8E75 /* Debug */ = {
			isa = XCBuildConfiguration;
			buildSettings = {
				ALWAYS_SEARCH_USER_PATHS = NO;
				CLANG_ANALYZER_NONNULL = YES;
				CLANG_ANALYZER_NUMBER_OBJECT_CONVERSION = YES_AGGRESSIVE;
				CLANG_CXX_LANGUAGE_STANDARD = "gnu++14";
				CLANG_CXX_LIBRARY = "libc++";
				CLANG_ENABLE_MODULES = YES;
				CLANG_ENABLE_OBJC_ARC = YES;
				CLANG_ENABLE_OBJC_WEAK = YES;
				CLANG_WARN_BLOCK_CAPTURE_AUTORELEASING = YES;
				CLANG_WARN_BOOL_CONVERSION = YES;
				CLANG_WARN_COMMA = YES;
				CLANG_WARN_CONSTANT_CONVERSION = YES;
				CLANG_WARN_DEPRECATED_OBJC_IMPLEMENTATIONS = YES;
				CLANG_WARN_DIRECT_OBJC_ISA_USAGE = YES_ERROR;
				CLANG_WARN_DOCUMENTATION_COMMENTS = YES;
				CLANG_WARN_EMPTY_BODY = YES;
				CLANG_WARN_ENUM_CONVERSION = YES;
				CLANG_WARN_INFINITE_RECURSION = YES;
				CLANG_WARN_INT_CONVERSION = YES;
				CLANG_WARN_NON_LITERAL_NULL_CONVERSION = YES;
				CLANG_WARN_OBJC_IMPLICIT_RETAIN_SELF = YES;
				CLANG_WARN_OBJC_LITERAL_CONVERSION = YES;
				CLANG_WARN_OBJC_ROOT_CLASS = YES_ERROR;
				CLANG_WARN_RANGE_LOOP_ANALYSIS = YES;
				CLANG_WARN_STRICT_PROTOTYPES = YES;
				CLANG_WARN_SUSPICIOUS_MOVE = YES;
				CLANG_WARN_UNGUARDED_AVAILABILITY = YES_AGGRESSIVE;
				CLANG_WARN_UNREACHABLE_CODE = YES;
				CLANG_WARN__DUPLICATE_METHOD_MATCH = YES;
				CODE_SIGN_IDENTITY = "iPhone Developer";
				COPY_PHASE_STRIP = NO;
				DEBUG_INFORMATION_FORMAT = dwarf;
				ENABLE_STRICT_OBJC_MSGSEND = YES;
				ENABLE_TESTABILITY = YES;
				GCC_C_LANGUAGE_STANDARD = gnu11;
				GCC_DYNAMIC_NO_PIC = NO;
				GCC_NO_COMMON_BLOCKS = YES;
				GCC_OPTIMIZATION_LEVEL = 0;
				GCC_PREPROCESSOR_DEFINITIONS = (
					"DEBUG=1",
					"$(inherited)",
				);
				GCC_WARN_64_TO_32_BIT_CONVERSION = YES;
				GCC_WARN_ABOUT_RETURN_TYPE = YES_ERROR;
				GCC_WARN_UNDECLARED_SELECTOR = YES;
				GCC_WARN_UNINITIALIZED_AUTOS = YES_AGGRESSIVE;
				GCC_WARN_UNUSED_FUNCTION = YES;
				GCC_WARN_UNUSED_VARIABLE = YES;
				IPHONEOS_DEPLOYMENT_TARGET = 11.4;
				MTL_ENABLE_DEBUG_INFO = YES;
				ONLY_ACTIVE_ARCH = YES;
				SDKROOT = iphoneos;
			};
			name = Debug;
		};
		5269A70921D45E25000F8E75 /* Release */ = {
			isa = XCBuildConfiguration;
			buildSettings = {
				ALWAYS_SEARCH_USER_PATHS = NO;
				CLANG_ANALYZER_NONNULL = YES;
				CLANG_ANALYZER_NUMBER_OBJECT_CONVERSION = YES_AGGRESSIVE;
				CLANG_CXX_LANGUAGE_STANDARD = "gnu++14";
				CLANG_CXX_LIBRARY = "libc++";
				CLANG_ENABLE_MODULES = YES;
				CLANG_ENABLE_OBJC_ARC = YES;
				CLANG_ENABLE_OBJC_WEAK = YES;
				CLANG_WARN_BLOCK_CAPTURE_AUTORELEASING = YES;
				CLANG_WARN_BOOL_CONVERSION = YES;
				CLANG_WARN_COMMA = YES;
				CLANG_WARN_CONSTANT_CONVERSION = YES;
				CLANG_WARN_DEPRECATED_OBJC_IMPLEMENTATIONS = YES;
				CLANG_WARN_DIRECT_OBJC_ISA_USAGE = YES_ERROR;
				CLANG_WARN_DOCUMENTATION_COMMENTS = YES;
				CLANG_WARN_EMPTY_BODY = YES;
				CLANG_WARN_ENUM_CONVERSION = YES;
				CLANG_WARN_INFINITE_RECURSION = YES;
				CLANG_WARN_INT_CONVERSION = YES;
				CLANG_WARN_NON_LITERAL_NULL_CONVERSION = YES;
				CLANG_WARN_OBJC_IMPLICIT_RETAIN_SELF = YES;
				CLANG_WARN_OBJC_LITERAL_CONVERSION = YES;
				CLANG_WARN_OBJC_ROOT_CLASS = YES_ERROR;
				CLANG_WARN_RANGE_LOOP_ANALYSIS = YES;
				CLANG_WARN_STRICT_PROTOTYPES = YES;
				CLANG_WARN_SUSPICIOUS_MOVE = YES;
				CLANG_WARN_UNGUARDED_AVAILABILITY = YES_AGGRESSIVE;
				CLANG_WARN_UNREACHABLE_CODE = YES;
				CLANG_WARN__DUPLICATE_METHOD_MATCH = YES;
				CODE_SIGN_IDENTITY = "iPhone Developer";
				COPY_PHASE_STRIP = NO;
				DEBUG_INFORMATION_FORMAT = "dwarf-with-dsym";
				ENABLE_NS_ASSERTIONS = NO;
				ENABLE_STRICT_OBJC_MSGSEND = YES;
				GCC_C_LANGUAGE_STANDARD = gnu11;
				GCC_NO_COMMON_BLOCKS = YES;
				GCC_WARN_64_TO_32_BIT_CONVERSION = YES;
				GCC_WARN_ABOUT_RETURN_TYPE = YES_ERROR;
				GCC_WARN_UNDECLARED_SELECTOR = YES;
				GCC_WARN_UNINITIALIZED_AUTOS = YES_AGGRESSIVE;
				GCC_WARN_UNUSED_FUNCTION = YES;
				GCC_WARN_UNUSED_VARIABLE = YES;
				IPHONEOS_DEPLOYMENT_TARGET = 11.4;
				MTL_ENABLE_DEBUG_INFO = NO;
				SDKROOT = iphoneos;
				VALIDATE_PRODUCT = YES;
			};
			name = Release;
		};
		5269A70B21D45E25000F8E75 /* Debug */ = {
			isa = XCBuildConfiguration;
			buildSettings = {
				ASSETCATALOG_COMPILER_APPICON_NAME = AppIcon;
				CODE_SIGN_STYLE = Automatic;
				INFOPLIST_FILE = BGGoodsDetailServiceProtocol/Info.plist;
				LD_RUNPATH_SEARCH_PATHS = (
					"$(inherited)",
					"@executable_path/Frameworks",
				);
				PRODUCT_BUNDLE_IDENTIFIER = com.liangjiawentest.BGGoodsDetailServiceProtocol;
				PRODUCT_NAME = "$(TARGET_NAME)";
				TARGETED_DEVICE_FAMILY = "1,2";
			};
			name = Debug;
		};
		5269A70C21D45E25000F8E75 /* Release */ = {
			isa = XCBuildConfiguration;
			buildSettings = {
				ASSETCATALOG_COMPILER_APPICON_NAME = AppIcon;
				CODE_SIGN_STYLE = Automatic;
				INFOPLIST_FILE = BGGoodsDetailServiceProtocol/Info.plist;
				LD_RUNPATH_SEARCH_PATHS = (
					"$(inherited)",
					"@executable_path/Frameworks",
				);
				PRODUCT_BUNDLE_IDENTIFIER = com.liangjiawentest.BGGoodsDetailServiceProtocol;
				PRODUCT_NAME = "$(TARGET_NAME)";
				TARGETED_DEVICE_FAMILY = "1,2";
			};
			name = Release;
		};
		5269A70E21D45E25000F8E75 /* Debug */ = {
			isa = XCBuildConfiguration;
			buildSettings = {
				BUNDLE_LOADER = "$(TEST_HOST)";
				CODE_SIGN_STYLE = Automatic;
				INFOPLIST_FILE = BGGoodsDetailServiceProtocolTests/Info.plist;
				LD_RUNPATH_SEARCH_PATHS = (
					"$(inherited)",
					"@executable_path/Frameworks",
					"@loader_path/Frameworks",
				);
				PRODUCT_BUNDLE_IDENTIFIER = com.liangjiawentest.BGGoodsDetailServiceProtocolTests;
				PRODUCT_NAME = "$(TARGET_NAME)";
				TARGETED_DEVICE_FAMILY = "1,2";
				TEST_HOST = "$(BUILT_PRODUCTS_DIR)/BGGoodsDetailServiceProtocol.app/BGGoodsDetailServiceProtocol";
			};
			name = Debug;
		};
		5269A70F21D45E25000F8E75 /* Release */ = {
			isa = XCBuildConfiguration;
			buildSettings = {
				BUNDLE_LOADER = "$(TEST_HOST)";
				CODE_SIGN_STYLE = Automatic;
				INFOPLIST_FILE = BGGoodsDetailServiceProtocolTests/Info.plist;
				LD_RUNPATH_SEARCH_PATHS = (
					"$(inherited)",
					"@executable_path/Frameworks",
					"@loader_path/Frameworks",
				);
				PRODUCT_BUNDLE_IDENTIFIER = com.liangjiawentest.BGGoodsDetailServiceProtocolTests;
				PRODUCT_NAME = "$(TARGET_NAME)";
				TARGETED_DEVICE_FAMILY = "1,2";
				TEST_HOST = "$(BUILT_PRODUCTS_DIR)/BGGoodsDetailServiceProtocol.app/BGGoodsDetailServiceProtocol";
			};
			name = Release;
		};
		5269A71121D45E25000F8E75 /* Debug */ = {
			isa = XCBuildConfiguration;
			buildSettings = {
				CODE_SIGN_STYLE = Automatic;
				INFOPLIST_FILE = BGGoodsDetailServiceProtocolUITests/Info.plist;
				LD_RUNPATH_SEARCH_PATHS = (
					"$(inherited)",
					"@executable_path/Frameworks",
					"@loader_path/Frameworks",
				);
				PRODUCT_BUNDLE_IDENTIFIER = com.liangjiawentest.BGGoodsDetailServiceProtocolUITests;
				PRODUCT_NAME = "$(TARGET_NAME)";
				TARGETED_DEVICE_FAMILY = "1,2";
				TEST_TARGET_NAME = BGGoodsDetailServiceProtocol;
			};
			name = Debug;
		};
		5269A71221D45E25000F8E75 /* Release */ = {
			isa = XCBuildConfiguration;
			buildSettings = {
				CODE_SIGN_STYLE = Automatic;
				INFOPLIST_FILE = BGGoodsDetailServiceProtocolUITests/Info.plist;
				LD_RUNPATH_SEARCH_PATHS = (
					"$(inherited)",
					"@executable_path/Frameworks",
					"@loader_path/Frameworks",
				);
				PRODUCT_BUNDLE_IDENTIFIER = com.liangjiawentest.BGGoodsDetailServiceProtocolUITests;
				PRODUCT_NAME = "$(TARGET_NAME)";
				TARGETED_DEVICE_FAMILY = "1,2";
				TEST_TARGET_NAME = BGGoodsDetailServiceProtocol;
			};
			name = Release;
		};
/* End XCBuildConfiguration section */

/* Begin XCConfigurationList section */
		5269A6D921D45E23000F8E75 /* Build configuration list for PBXProject "BGGoodsDetailServiceProtocol" */ = {
			isa = XCConfigurationList;
			buildConfigurations = (
				5269A70821D45E25000F8E75 /* Debug */,
				5269A70921D45E25000F8E75 /* Release */,
			);
			defaultConfigurationIsVisible = 0;
			defaultConfigurationName = Release;
		};
		5269A70A21D45E25000F8E75 /* Build configuration list for PBXNativeTarget "BGGoodsDetailServiceProtocol" */ = {
			isa = XCConfigurationList;
			buildConfigurations = (
				5269A70B21D45E25000F8E75 /* Debug */,
				5269A70C21D45E25000F8E75 /* Release */,
			);
			defaultConfigurationIsVisible = 0;
			defaultConfigurationName = Release;
		};
		5269A70D21D45E25000F8E75 /* Build configuration list for PBXNativeTarget "BGGoodsDetailServiceProtocolTests" */ = {
			isa = XCConfigurationList;
			buildConfigurations = (
				5269A70E21D45E25000F8E75 /* Debug */,
				5269A70F21D45E25000F8E75 /* Release */,
			);
			defaultConfigurationIsVisible = 0;
			defaultConfigurationName = Release;
		};
		5269A71021D45E25000F8E75 /* Build configuration list for PBXNativeTarget "BGGoodsDetailServiceProtocolUITests" */ = {
			isa = XCConfigurationList;
			buildConfigurations = (
				5269A71121D45E25000F8E75 /* Debug */,
				5269A71221D45E25000F8E75 /* Release */,
			);
			defaultConfigurationIsVisible = 0;
			defaultConfigurationName = Release;
		};
/* End XCConfigurationList section */
	};
	rootObject = 5269A6D621D45E23000F8E75 /* Project object */;
}
